// !$*UTF8*$!
{
	archiveVersion = 1;
	classes = {
	};
	objectVersion = 50;
	objects = {

/* Begin PBXBuildFile section */
		0489754922F9169E001E3484 /* AppsPageController.swift in Sources */ = {isa = PBXBuildFile; fileRef = 0489754822F9169E001E3484 /* AppsPageController.swift */; };
		0489754B22F91722001E3484 /* BaseListController.swift in Sources */ = {isa = PBXBuildFile; fileRef = 0489754A22F91722001E3484 /* BaseListController.swift */; };
		0489754D22F91903001E3484 /* AppsGroupCell.swift in Sources */ = {isa = PBXBuildFile; fileRef = 0489754C22F91903001E3484 /* AppsGroupCell.swift */; };
		0489754F22F91C49001E3484 /* AppsHorizontalController.swift in Sources */ = {isa = PBXBuildFile; fileRef = 0489754E22F91C49001E3484 /* AppsHorizontalController.swift */; };
		0489755122F921E3001E3484 /* AppRowCell.swift in Sources */ = {isa = PBXBuildFile; fileRef = 0489755022F921E3001E3484 /* AppRowCell.swift */; };
		0489755322F92283001E3484 /* Extension.swift in Sources */ = {isa = PBXBuildFile; fileRef = 0489755222F92283001E3484 /* Extension.swift */; };
		0489755522F92810001E3484 /* AppsPageHeader.swift in Sources */ = {isa = PBXBuildFile; fileRef = 0489755422F92810001E3484 /* AppsPageHeader.swift */; };
		0489755722F92962001E3484 /* AppsHeaderHorizontalController.swift in Sources */ = {isa = PBXBuildFile; fileRef = 0489755622F92962001E3484 /* AppsHeaderHorizontalController.swift */; };
		0489755922F929C3001E3484 /* AppsHeaderCell.swift in Sources */ = {isa = PBXBuildFile; fileRef = 0489755822F929C3001E3484 /* AppsHeaderCell.swift */; };
		958E2D4822F86C1300C9AB40 /* AppDelegate.swift in Sources */ = {isa = PBXBuildFile; fileRef = 958E2D4722F86C1300C9AB40 /* AppDelegate.swift */; };
		958E2D4A22F86C1300C9AB40 /* ViewController.swift in Sources */ = {isa = PBXBuildFile; fileRef = 958E2D4922F86C1300C9AB40 /* ViewController.swift */; };
		958E2D4D22F86C1300C9AB40 /* Main.storyboard in Resources */ = {isa = PBXBuildFile; fileRef = 958E2D4B22F86C1300C9AB40 /* Main.storyboard */; };
		958E2D4F22F86C1300C9AB40 /* Assets.xcassets in Resources */ = {isa = PBXBuildFile; fileRef = 958E2D4E22F86C1300C9AB40 /* Assets.xcassets */; };
		958E2D5222F86C1400C9AB40 /* LaunchScreen.storyboard in Resources */ = {isa = PBXBuildFile; fileRef = 958E2D5022F86C1400C9AB40 /* LaunchScreen.storyboard */; };
		958E2D5D22F8766E00C9AB40 /* BaseTabBarController.swift in Sources */ = {isa = PBXBuildFile; fileRef = 958E2D5C22F8766E00C9AB40 /* BaseTabBarController.swift */; };
		958E2D5F22F87EA000C9AB40 /* AppsSearchController.swift in Sources */ = {isa = PBXBuildFile; fileRef = 958E2D5E22F87EA000C9AB40 /* AppsSearchController.swift */; };
		958E2D6122F886E200C9AB40 /* SearchResultCell.swift in Sources */ = {isa = PBXBuildFile; fileRef = 958E2D6022F886E200C9AB40 /* SearchResultCell.swift */; };
		958E2D6522F8A35900C9AB40 /* VerticalStackView.swift in Sources */ = {isa = PBXBuildFile; fileRef = 958E2D6322F8A35900C9AB40 /* VerticalStackView.swift */; };
		958E2D6622F8A35900C9AB40 /* UIView+Layout.swift in Sources */ = {isa = PBXBuildFile; fileRef = 958E2D6422F8A35900C9AB40 /* UIView+Layout.swift */; };
		958E2D6822F8BC9600C9AB40 /* SearchResult.swift in Sources */ = {isa = PBXBuildFile; fileRef = 958E2D6722F8BC9600C9AB40 /* SearchResult.swift */; };
		958E2D6B22F8C1A100C9AB40 /* Service.swift in Sources */ = {isa = PBXBuildFile; fileRef = 958E2D6A22F8C1A100C9AB40 /* Service.swift */; };
		958E2D7222F9DB6000C9AB40 /* AppGroup.swift in Sources */ = {isa = PBXBuildFile; fileRef = 958E2D7122F9DB6000C9AB40 /* AppGroup.swift */; };
		958E2D7422FA06A000C9AB40 /* SocialApp.swift in Sources */ = {isa = PBXBuildFile; fileRef = 958E2D7322FA06A000C9AB40 /* SocialApp.swift */; };
		958E2D7622FA11E300C9AB40 /* BetterSnappingLayout.swift in Sources */ = {isa = PBXBuildFile; fileRef = 958E2D7522FA11E300C9AB40 /* BetterSnappingLayout.swift */; };
		958E2D7822FA123A00C9AB40 /* HorizontalSnappingController.swift in Sources */ = {isa = PBXBuildFile; fileRef = 958E2D7722FA123A00C9AB40 /* HorizontalSnappingController.swift */; };
		958E2D7A22FA301800C9AB40 /* AppDetailController.swift in Sources */ = {isa = PBXBuildFile; fileRef = 958E2D7922FA301800C9AB40 /* AppDetailController.swift */; };
		A214D4629EA9A8D2CBF2B5C8 /* Pods_AppStore.framework in Frameworks */ = {isa = PBXBuildFile; fileRef = E4A0B869CC93C07996126E69 /* Pods_AppStore.framework */; };
/* End PBXBuildFile section */

/* Begin PBXFileReference section */
		0489754822F9169E001E3484 /* AppsPageController.swift */ = {isa = PBXFileReference; lastKnownFileType = sourcecode.swift; path = AppsPageController.swift; sourceTree = "<group>"; };
		0489754A22F91722001E3484 /* BaseListController.swift */ = {isa = PBXFileReference; lastKnownFileType = sourcecode.swift; path = BaseListController.swift; sourceTree = "<group>"; };
		0489754C22F91903001E3484 /* AppsGroupCell.swift */ = {isa = PBXFileReference; lastKnownFileType = sourcecode.swift; path = AppsGroupCell.swift; sourceTree = "<group>"; };
		0489754E22F91C49001E3484 /* AppsHorizontalController.swift */ = {isa = PBXFileReference; lastKnownFileType = sourcecode.swift; path = AppsHorizontalController.swift; sourceTree = "<group>"; };
		0489755022F921E3001E3484 /* AppRowCell.swift */ = {isa = PBXFileReference; lastKnownFileType = sourcecode.swift; path = AppRowCell.swift; sourceTree = "<group>"; };
		0489755222F92283001E3484 /* Extension.swift */ = {isa = PBXFileReference; lastKnownFileType = sourcecode.swift; path = Extension.swift; sourceTree = "<group>"; };
		0489755422F92810001E3484 /* AppsPageHeader.swift */ = {isa = PBXFileReference; lastKnownFileType = sourcecode.swift; path = AppsPageHeader.swift; sourceTree = "<group>"; };
		0489755622F92962001E3484 /* AppsHeaderHorizontalController.swift */ = {isa = PBXFileReference; lastKnownFileType = sourcecode.swift; path = AppsHeaderHorizontalController.swift; sourceTree = "<group>"; };
		0489755822F929C3001E3484 /* AppsHeaderCell.swift */ = {isa = PBXFileReference; lastKnownFileType = sourcecode.swift; path = AppsHeaderCell.swift; sourceTree = "<group>"; };
		46BF6D4BE8372172040858D2 /* Pods-AppStore.release.xcconfig */ = {isa = PBXFileReference; includeInIndex = 1; lastKnownFileType = text.xcconfig; name = "Pods-AppStore.release.xcconfig"; path = "Pods/Target Support Files/Pods-AppStore/Pods-AppStore.release.xcconfig"; sourceTree = "<group>"; };
		958E2D4422F86C1300C9AB40 /* AppStore.app */ = {isa = PBXFileReference; explicitFileType = wrapper.application; includeInIndex = 0; path = AppStore.app; sourceTree = BUILT_PRODUCTS_DIR; };
		958E2D4722F86C1300C9AB40 /* AppDelegate.swift */ = {isa = PBXFileReference; lastKnownFileType = sourcecode.swift; path = AppDelegate.swift; sourceTree = "<group>"; };
		958E2D4922F86C1300C9AB40 /* ViewController.swift */ = {isa = PBXFileReference; lastKnownFileType = sourcecode.swift; path = ViewController.swift; sourceTree = "<group>"; };
		958E2D4C22F86C1300C9AB40 /* Base */ = {isa = PBXFileReference; lastKnownFileType = file.storyboard; name = Base; path = Base.lproj/Main.storyboard; sourceTree = "<group>"; };
		958E2D4E22F86C1300C9AB40 /* Assets.xcassets */ = {isa = PBXFileReference; lastKnownFileType = folder.assetcatalog; path = Assets.xcassets; sourceTree = "<group>"; };
		958E2D5122F86C1400C9AB40 /* Base */ = {isa = PBXFileReference; lastKnownFileType = file.storyboard; name = Base; path = Base.lproj/LaunchScreen.storyboard; sourceTree = "<group>"; };
		958E2D5322F86C1400C9AB40 /* Info.plist */ = {isa = PBXFileReference; lastKnownFileType = text.plist.xml; path = Info.plist; sourceTree = "<group>"; };
		958E2D5C22F8766E00C9AB40 /* BaseTabBarController.swift */ = {isa = PBXFileReference; lastKnownFileType = sourcecode.swift; path = BaseTabBarController.swift; sourceTree = "<group>"; };
		958E2D5E22F87EA000C9AB40 /* AppsSearchController.swift */ = {isa = PBXFileReference; lastKnownFileType = sourcecode.swift; path = AppsSearchController.swift; sourceTree = "<group>"; };
		958E2D6022F886E200C9AB40 /* SearchResultCell.swift */ = {isa = PBXFileReference; lastKnownFileType = sourcecode.swift; path = SearchResultCell.swift; sourceTree = "<group>"; };
		958E2D6322F8A35900C9AB40 /* VerticalStackView.swift */ = {isa = PBXFileReference; fileEncoding = 4; lastKnownFileType = sourcecode.swift; path = VerticalStackView.swift; sourceTree = "<group>"; };
		958E2D6422F8A35900C9AB40 /* UIView+Layout.swift */ = {isa = PBXFileReference; fileEncoding = 4; lastKnownFileType = sourcecode.swift; path = "UIView+Layout.swift"; sourceTree = "<group>"; };
		958E2D6722F8BC9600C9AB40 /* SearchResult.swift */ = {isa = PBXFileReference; lastKnownFileType = sourcecode.swift; path = SearchResult.swift; sourceTree = "<group>"; };
		958E2D6A22F8C1A100C9AB40 /* Service.swift */ = {isa = PBXFileReference; lastKnownFileType = sourcecode.swift; path = Service.swift; sourceTree = "<group>"; };
		958E2D7122F9DB6000C9AB40 /* AppGroup.swift */ = {isa = PBXFileReference; lastKnownFileType = sourcecode.swift; name = AppGroup.swift; path = AppStore/Service/AppGroup.swift; sourceTree = SOURCE_ROOT; };
		958E2D7322FA06A000C9AB40 /* SocialApp.swift */ = {isa = PBXFileReference; lastKnownFileType = sourcecode.swift; name = SocialApp.swift; path = AppStore/Service/SocialApp.swift; sourceTree = SOURCE_ROOT; };
		958E2D7522FA11E300C9AB40 /* BetterSnappingLayout.swift */ = {isa = PBXFileReference; fileEncoding = 4; lastKnownFileType = sourcecode.swift; path = BetterSnappingLayout.swift; sourceTree = "<group>"; };
		958E2D7722FA123A00C9AB40 /* HorizontalSnappingController.swift */ = {isa = PBXFileReference; lastKnownFileType = sourcecode.swift; path = HorizontalSnappingController.swift; sourceTree = "<group>"; };
		958E2D7922FA301800C9AB40 /* AppDetailController.swift */ = {isa = PBXFileReference; lastKnownFileType = sourcecode.swift; path = AppDetailController.swift; sourceTree = "<group>"; };
		C02F98F319156CCBA23262B9 /* Pods-AppStore.debug.xcconfig */ = {isa = PBXFileReference; includeInIndex = 1; lastKnownFileType = text.xcconfig; name = "Pods-AppStore.debug.xcconfig"; path = "Pods/Target Support Files/Pods-AppStore/Pods-AppStore.debug.xcconfig"; sourceTree = "<group>"; };
		E4A0B869CC93C07996126E69 /* Pods_AppStore.framework */ = {isa = PBXFileReference; explicitFileType = wrapper.framework; includeInIndex = 0; path = Pods_AppStore.framework; sourceTree = BUILT_PRODUCTS_DIR; };
/* End PBXFileReference section */

/* Begin PBXFrameworksBuildPhase section */
		958E2D4122F86C1300C9AB40 /* Frameworks */ = {
			isa = PBXFrameworksBuildPhase;
			buildActionMask = 2147483647;
			files = (
				A214D4629EA9A8D2CBF2B5C8 /* Pods_AppStore.framework in Frameworks */,
			);
			runOnlyForDeploymentPostprocessing = 0;
		};
/* End PBXFrameworksBuildPhase section */

/* Begin PBXGroup section */
		0489754322F915A9001E3484 /* Base */ = {
			isa = PBXGroup;
			children = (
				0489754A22F91722001E3484 /* BaseListController.swift */,
				958E2D5C22F8766E00C9AB40 /* BaseTabBarController.swift */,
				958E2D7722FA123A00C9AB40 /* HorizontalSnappingController.swift */,
			);
			path = Base;
			sourceTree = "<group>";
		};
		0489754422F915C4001E3484 /* Apps */ = {
			isa = PBXGroup;
			children = (
				0489754722F91678001E3484 /* Controller */,
				0489754622F91674001E3484 /* View */,
				0489754522F91670001E3484 /* Model */,
			);
			path = Apps;
			sourceTree = "<group>";
		};
		0489754522F91670001E3484 /* Model */ = {
			isa = PBXGroup;
			children = (
				958E2D7122F9DB6000C9AB40 /* AppGroup.swift */,
				958E2D7322FA06A000C9AB40 /* SocialApp.swift */,
			);
			path = Model;
			sourceTree = "<group>";
		};
		0489754622F91674001E3484 /* View */ = {
			isa = PBXGroup;
			children = (
				0489754C22F91903001E3484 /* AppsGroupCell.swift */,
				0489755022F921E3001E3484 /* AppRowCell.swift */,
				0489755822F929C3001E3484 /* AppsHeaderCell.swift */,
			);
			path = View;
			sourceTree = "<group>";
		};
		0489754722F91678001E3484 /* Controller */ = {
			isa = PBXGroup;
			children = (
				0489755422F92810001E3484 /* AppsPageHeader.swift */,
				0489754822F9169E001E3484 /* AppsPageController.swift */,
				0489754E22F91C49001E3484 /* AppsHorizontalController.swift */,
				0489755622F92962001E3484 /* AppsHeaderHorizontalController.swift */,
				958E2D7922FA301800C9AB40 /* AppDetailController.swift */,
			);
			path = Controller;
			sourceTree = "<group>";
		};
		068B1C65EE3FCBB0AEF90A91 /* Pods */ = {
			isa = PBXGroup;
			children = (
				C02F98F319156CCBA23262B9 /* Pods-AppStore.debug.xcconfig */,
				46BF6D4BE8372172040858D2 /* Pods-AppStore.release.xcconfig */,
			);
			name = Pods;
			sourceTree = "<group>";
		};
		958E2D3B22F86C1300C9AB40 = {
			isa = PBXGroup;
			children = (
				958E2D4622F86C1300C9AB40 /* AppStore */,
				958E2D4522F86C1300C9AB40 /* Products */,
				068B1C65EE3FCBB0AEF90A91 /* Pods */,
				DBB56D58EE2A02A5E8BD53CC /* Frameworks */,
			);
			sourceTree = "<group>";
		};
		958E2D4522F86C1300C9AB40 /* Products */ = {
			isa = PBXGroup;
			children = (
				958E2D4422F86C1300C9AB40 /* AppStore.app */,
			);
			name = Products;
			sourceTree = "<group>";
		};
		958E2D4622F86C1300C9AB40 /* AppStore */ = {
			isa = PBXGroup;
			children = (
				958E2D6C22F8DBBF00C9AB40 /* Modules */,
				958E2D6922F8C19400C9AB40 /* Service */,
				958E2D6222F8A34F00C9AB40 /* Helpers */,
				958E2D4722F86C1300C9AB40 /* AppDelegate.swift */,
				958E2D4922F86C1300C9AB40 /* ViewController.swift */,
				958E2D4B22F86C1300C9AB40 /* Main.storyboard */,
				958E2D4E22F86C1300C9AB40 /* Assets.xcassets */,
				958E2D5022F86C1400C9AB40 /* LaunchScreen.storyboard */,
				958E2D5322F86C1400C9AB40 /* Info.plist */,
			);
			path = AppStore;
			sourceTree = "<group>";
		};
		958E2D5922F8734B00C9AB40 /* Model */ = {
			isa = PBXGroup;
			children = (
				958E2D6722F8BC9600C9AB40 /* SearchResult.swift */,
			);
			path = Model;
			sourceTree = "<group>";
		};
		958E2D5A22F8735800C9AB40 /* View */ = {
			isa = PBXGroup;
			children = (
				958E2D6022F886E200C9AB40 /* SearchResultCell.swift */,
			);
			path = View;
			sourceTree = "<group>";
		};
		958E2D5B22F8735D00C9AB40 /* Controller */ = {
			isa = PBXGroup;
			children = (
				958E2D5E22F87EA000C9AB40 /* AppsSearchController.swift */,
			);
			path = Controller;
			sourceTree = "<group>";
		};
		958E2D6222F8A34F00C9AB40 /* Helpers */ = {
			isa = PBXGroup;
			children = (
				958E2D7522FA11E300C9AB40 /* BetterSnappingLayout.swift */,
				958E2D6422F8A35900C9AB40 /* UIView+Layout.swift */,
				958E2D6322F8A35900C9AB40 /* VerticalStackView.swift */,
				0489755222F92283001E3484 /* Extension.swift */,
			);
			path = Helpers;
			sourceTree = "<group>";
		};
		958E2D6922F8C19400C9AB40 /* Service */ = {
			isa = PBXGroup;
			children = (
				958E2D6A22F8C1A100C9AB40 /* Service.swift */,
			);
			path = Service;
			sourceTree = "<group>";
		};
		958E2D6C22F8DBBF00C9AB40 /* Modules */ = {
			isa = PBXGroup;
			children = (
				0489754422F915C4001E3484 /* Apps */,
				0489754322F915A9001E3484 /* Base */,
				958E2D6F22F8DBD400C9AB40 /* Search */,
			);
			path = Modules;
			sourceTree = "<group>";
		};
		958E2D6F22F8DBD400C9AB40 /* Search */ = {
			isa = PBXGroup;
			children = (
				958E2D5922F8734B00C9AB40 /* Model */,
				958E2D5A22F8735800C9AB40 /* View */,
				958E2D5B22F8735D00C9AB40 /* Controller */,
			);
			path = Search;
			sourceTree = "<group>";
		};
		DBB56D58EE2A02A5E8BD53CC /* Frameworks */ = {
			isa = PBXGroup;
			children = (
				E4A0B869CC93C07996126E69 /* Pods_AppStore.framework */,
			);
			name = Frameworks;
			sourceTree = "<group>";
		};
/* End PBXGroup section */

/* Begin PBXNativeTarget section */
		958E2D4322F86C1300C9AB40 /* AppStore */ = {
			isa = PBXNativeTarget;
			buildConfigurationList = 958E2D5622F86C1400C9AB40 /* Build configuration list for PBXNativeTarget "AppStore" */;
			buildPhases = (
				764FB4228EC30E0F3CA4A97C /* [CP] Check Pods Manifest.lock */,
				958E2D4022F86C1300C9AB40 /* Sources */,
				958E2D4122F86C1300C9AB40 /* Frameworks */,
				958E2D4222F86C1300C9AB40 /* Resources */,
				9D0345BFAAC97E6EEE2D4306 /* [CP] Embed Pods Frameworks */,
			);
			buildRules = (
			);
			dependencies = (
			);
			name = AppStore;
			productName = AppStore;
			productReference = 958E2D4422F86C1300C9AB40 /* AppStore.app */;
			productType = "com.apple.product-type.application";
		};
/* End PBXNativeTarget section */

/* Begin PBXProject section */
		958E2D3C22F86C1300C9AB40 /* Project object */ = {
			isa = PBXProject;
			attributes = {
				LastSwiftUpdateCheck = 1020;
				LastUpgradeCheck = 1020;
				ORGANIZATIONNAME = yongzeng;
				TargetAttributes = {
					958E2D4322F86C1300C9AB40 = {
						CreatedOnToolsVersion = 10.2.1;
					};
				};
			};
			buildConfigurationList = 958E2D3F22F86C1300C9AB40 /* Build configuration list for PBXProject "AppStore" */;
			compatibilityVersion = "Xcode 9.3";
			developmentRegion = en;
			hasScannedForEncodings = 0;
			knownRegions = (
				en,
				Base,
			);
			mainGroup = 958E2D3B22F86C1300C9AB40;
			productRefGroup = 958E2D4522F86C1300C9AB40 /* Products */;
			projectDirPath = "";
			projectRoot = "";
			targets = (
				958E2D4322F86C1300C9AB40 /* AppStore */,
			);
		};
/* End PBXProject section */

/* Begin PBXResourcesBuildPhase section */
		958E2D4222F86C1300C9AB40 /* Resources */ = {
			isa = PBXResourcesBuildPhase;
			buildActionMask = 2147483647;
			files = (
				958E2D5222F86C1400C9AB40 /* LaunchScreen.storyboard in Resources */,
				958E2D4F22F86C1300C9AB40 /* Assets.xcassets in Resources */,
				958E2D4D22F86C1300C9AB40 /* Main.storyboard in Resources */,
			);
			runOnlyForDeploymentPostprocessing = 0;
		};
/* End PBXResourcesBuildPhase section */

/* Begin PBXShellScriptBuildPhase section */
		764FB4228EC30E0F3CA4A97C /* [CP] Check Pods Manifest.lock */ = {
			isa = PBXShellScriptBuildPhase;
			buildActionMask = 2147483647;
			files = (
			);
			inputPaths = (
				"${PODS_PODFILE_DIR_PATH}/Podfile.lock",
				"${PODS_ROOT}/Manifest.lock",
			);
			name = "[CP] Check Pods Manifest.lock";
			outputPaths = (
				"$(DERIVED_FILE_DIR)/Pods-AppStore-checkManifestLockResult.txt",
			);
			runOnlyForDeploymentPostprocessing = 0;
			shellPath = /bin/sh;
			shellScript = "diff \"${PODS_PODFILE_DIR_PATH}/Podfile.lock\" \"${PODS_ROOT}/Manifest.lock\" > /dev/null\nif [ $? != 0 ] ; then\n    # print error to STDERR\n    echo \"error: The sandbox is not in sync with the Podfile.lock. Run 'pod install' or update your CocoaPods installation.\" >&2\n    exit 1\nfi\n# This output is used by Xcode 'outputs' to avoid re-running this script phase.\necho \"SUCCESS\" > \"${SCRIPT_OUTPUT_FILE_0}\"\n";
			showEnvVarsInLog = 0;
		};
		9D0345BFAAC97E6EEE2D4306 /* [CP] Embed Pods Frameworks */ = {
			isa = PBXShellScriptBuildPhase;
			buildActionMask = 2147483647;
			files = (
			);
			inputPaths = (
				"${SRCROOT}/Pods/Target Support Files/Pods-AppStore/Pods-AppStore-frameworks.sh",
				"${BUILT_PRODUCTS_DIR}/SDWebImage/SDWebImage.framework",
			);
			name = "[CP] Embed Pods Frameworks";
			outputPaths = (
				"${TARGET_BUILD_DIR}/${FRAMEWORKS_FOLDER_PATH}/SDWebImage.framework",
			);
			runOnlyForDeploymentPostprocessing = 0;
			shellPath = /bin/sh;
			shellScript = "\"${SRCROOT}/Pods/Target Support Files/Pods-AppStore/Pods-AppStore-frameworks.sh\"\n";
			showEnvVarsInLog = 0;
		};
/* End PBXShellScriptBuildPhase section */

/* Begin PBXSourcesBuildPhase section */
		958E2D4022F86C1300C9AB40 /* Sources */ = {
			isa = PBXSourcesBuildPhase;
			buildActionMask = 2147483647;
			files = (
				0489755322F92283001E3484 /* Extension.swift in Sources */,
				958E2D4A22F86C1300C9AB40 /* ViewController.swift in Sources */,
				958E2D7422FA06A000C9AB40 /* SocialApp.swift in Sources */,
				958E2D7622FA11E300C9AB40 /* BetterSnappingLayout.swift in Sources */,
				958E2D6522F8A35900C9AB40 /* VerticalStackView.swift in Sources */,
				958E2D7222F9DB6000C9AB40 /* AppGroup.swift in Sources */,
				958E2D6822F8BC9600C9AB40 /* SearchResult.swift in Sources */,
				0489755922F929C3001E3484 /* AppsHeaderCell.swift in Sources */,
				958E2D4822F86C1300C9AB40 /* AppDelegate.swift in Sources */,
				958E2D7822FA123A00C9AB40 /* HorizontalSnappingController.swift in Sources */,
				958E2D5D22F8766E00C9AB40 /* BaseTabBarController.swift in Sources */,
				0489754B22F91722001E3484 /* BaseListController.swift in Sources */,
				0489755122F921E3001E3484 /* AppRowCell.swift in Sources */,
				958E2D6B22F8C1A100C9AB40 /* Service.swift in Sources */,
				0489755522F92810001E3484 /* AppsPageHeader.swift in Sources */,
				0489754D22F91903001E3484 /* AppsGroupCell.swift in Sources */,
				958E2D5F22F87EA000C9AB40 /* AppsSearchController.swift in Sources */,
				0489754922F9169E001E3484 /* AppsPageController.swift in Sources */,
				958E2D7A22FA301800C9AB40 /* AppDetailController.swift in Sources */,
				958E2D6622F8A35900C9AB40 /* UIView+Layout.swift in Sources */,
				0489754F22F91C49001E3484 /* AppsHorizontalController.swift in Sources */,
				958E2D6122F886E200C9AB40 /* SearchResultCell.swift in Sources */,
				0489755722F92962001E3484 /* AppsHeaderHorizontalController.swift in Sources */,
			);
			runOnlyForDeploymentPostprocessing = 0;
		};
/* End PBXSourcesBuildPhase section */

/* Begin PBXVariantGroup section */
		958E2D4B22F86C1300C9AB40 /* Main.storyboard */ = {
			isa = PBXVariantGroup;
			children = (
				958E2D4C22F86C1300C9AB40 /* Base */,
			);
			name = Main.storyboard;
			sourceTree = "<group>";
		};
		958E2D5022F86C1400C9AB40 /* LaunchScreen.storyboard */ = {
			isa = PBXVariantGroup;
			children = (
				958E2D5122F86C1400C9AB40 /* Base */,
			);
			name = LaunchScreen.storyboard;
			sourceTree = "<group>";
		};
/* End PBXVariantGroup section */

/* Begin XCBuildConfiguration section */
		958E2D5422F86C1400C9AB40 /* Debug */ = {
			isa = XCBuildConfiguration;
			buildSettings = {
				ALWAYS_SEARCH_USER_PATHS = NO;
				CLANG_ANALYZER_NONNULL = YES;
				CLANG_ANALYZER_NUMBER_OBJECT_CONVERSION = YES_AGGRESSIVE;
				CLANG_CXX_LANGUAGE_STANDARD = "gnu++14";
				CLANG_CXX_LIBRARY = "libc++";
				CLANG_ENABLE_MODULES = YES;
				CLANG_ENABLE_OBJC_ARC = YES;
				CLANG_ENABLE_OBJC_WEAK = YES;
				CLANG_WARN_BLOCK_CAPTURE_AUTORELEASING = YES;
				CLANG_WARN_BOOL_CONVERSION = YES;
				CLANG_WARN_COMMA = YES;
				CLANG_WARN_CONSTANT_CONVERSION = YES;
				CLANG_WARN_DEPRECATED_OBJC_IMPLEMENTATIONS = YES;
				CLANG_WARN_DIRECT_OBJC_ISA_USAGE = YES_ERROR;
				CLANG_WARN_DOCUMENTATION_COMMENTS = YES;
				CLANG_WARN_EMPTY_BODY = YES;
				CLANG_WARN_ENUM_CONVERSION = YES;
				CLANG_WARN_INFINITE_RECURSION = YES;
				CLANG_WARN_INT_CONVERSION = YES;
				CLANG_WARN_NON_LITERAL_NULL_CONVERSION = YES;
				CLANG_WARN_OBJC_IMPLICIT_RETAIN_SELF = YES;
				CLANG_WARN_OBJC_LITERAL_CONVERSION = YES;
				CLANG_WARN_OBJC_ROOT_CLASS = YES_ERROR;
				CLANG_WARN_RANGE_LOOP_ANALYSIS = YES;
				CLANG_WARN_STRICT_PROTOTYPES = YES;
				CLANG_WARN_SUSPICIOUS_MOVE = YES;
				CLANG_WARN_UNGUARDED_AVAILABILITY = YES_AGGRESSIVE;
				CLANG_WARN_UNREACHABLE_CODE = YES;
				CLANG_WARN__DUPLICATE_METHOD_MATCH = YES;
				CODE_SIGN_IDENTITY = "iPhone Developer";
				COPY_PHASE_STRIP = NO;
				DEBUG_INFORMATION_FORMAT = dwarf;
				ENABLE_STRICT_OBJC_MSGSEND = YES;
				ENABLE_TESTABILITY = YES;
				GCC_C_LANGUAGE_STANDARD = gnu11;
				GCC_DYNAMIC_NO_PIC = NO;
				GCC_NO_COMMON_BLOCKS = YES;
				GCC_OPTIMIZATION_LEVEL = 0;
				GCC_PREPROCESSOR_DEFINITIONS = (
					"DEBUG=1",
					"$(inherited)",
				);
				GCC_WARN_64_TO_32_BIT_CONVERSION = YES;
				GCC_WARN_ABOUT_RETURN_TYPE = YES_ERROR;
				GCC_WARN_UNDECLARED_SELECTOR = YES;
				GCC_WARN_UNINITIALIZED_AUTOS = YES_AGGRESSIVE;
				GCC_WARN_UNUSED_FUNCTION = YES;
				GCC_WARN_UNUSED_VARIABLE = YES;
				IPHONEOS_DEPLOYMENT_TARGET = 12.2;
				MTL_ENABLE_DEBUG_INFO = INCLUDE_SOURCE;
				MTL_FAST_MATH = YES;
				ONLY_ACTIVE_ARCH = YES;
				SDKROOT = iphoneos;
				SWIFT_ACTIVE_COMPILATION_CONDITIONS = DEBUG;
				SWIFT_OPTIMIZATION_LEVEL = "-Onone";
			};
			name = Debug;
		};
		958E2D5522F86C1400C9AB40 /* Release */ = {
			isa = XCBuildConfiguration;
			buildSettings = {
				ALWAYS_SEARCH_USER_PATHS = NO;
				CLANG_ANALYZER_NONNULL = YES;
				CLANG_ANALYZER_NUMBER_OBJECT_CONVERSION = YES_AGGRESSIVE;
				CLANG_CXX_LANGUAGE_STANDARD = "gnu++14";
				CLANG_CXX_LIBRARY = "libc++";
				CLANG_ENABLE_MODULES = YES;
				CLANG_ENABLE_OBJC_ARC = YES;
				CLANG_ENABLE_OBJC_WEAK = YES;
				CLANG_WARN_BLOCK_CAPTURE_AUTORELEASING = YES;
				CLANG_WARN_BOOL_CONVERSION = YES;
				CLANG_WARN_COMMA = YES;
				CLANG_WARN_CONSTANT_CONVERSION = YES;
				CLANG_WARN_DEPRECATED_OBJC_IMPLEMENTATIONS = YES;
				CLANG_WARN_DIRECT_OBJC_ISA_USAGE = YES_ERROR;
				CLANG_WARN_DOCUMENTATION_COMMENTS = YES;
				CLANG_WARN_EMPTY_BODY = YES;
				CLANG_WARN_ENUM_CONVERSION = YES;
				CLANG_WARN_INFINITE_RECURSION = YES;
				CLANG_WARN_INT_CONVERSION = YES;
				CLANG_WARN_NON_LITERAL_NULL_CONVERSION = YES;
				CLANG_WARN_OBJC_IMPLICIT_RETAIN_SELF = YES;
				CLANG_WARN_OBJC_LITERAL_CONVERSION = YES;
				CLANG_WARN_OBJC_ROOT_CLASS = YES_ERROR;
				CLANG_WARN_RANGE_LOOP_ANALYSIS = YES;
				CLANG_WARN_STRICT_PROTOTYPES = YES;
				CLANG_WARN_SUSPICIOUS_MOVE = YES;
				CLANG_WARN_UNGUARDED_AVAILABILITY = YES_AGGRESSIVE;
				CLANG_WARN_UNREACHABLE_CODE = YES;
				CLANG_WARN__DUPLICATE_METHOD_MATCH = YES;
				CODE_SIGN_IDENTITY = "iPhone Developer";
				COPY_PHASE_STRIP = NO;
				DEBUG_INFORMATION_FORMAT = "dwarf-with-dsym";
				ENABLE_NS_ASSERTIONS = NO;
				ENABLE_STRICT_OBJC_MSGSEND = YES;
				GCC_C_LANGUAGE_STANDARD = gnu11;
				GCC_NO_COMMON_BLOCKS = YES;
				GCC_WARN_64_TO_32_BIT_CONVERSION = YES;
				GCC_WARN_ABOUT_RETURN_TYPE = YES_ERROR;
				GCC_WARN_UNDECLARED_SELECTOR = YES;
				GCC_WARN_UNINITIALIZED_AUTOS = YES_AGGRESSIVE;
				GCC_WARN_UNUSED_FUNCTION = YES;
				GCC_WARN_UNUSED_VARIABLE = YES;
				IPHONEOS_DEPLOYMENT_TARGET = 12.2;
				MTL_ENABLE_DEBUG_INFO = NO;
				MTL_FAST_MATH = YES;
				SDKROOT = iphoneos;
				SWIFT_COMPILATION_MODE = wholemodule;
				SWIFT_OPTIMIZATION_LEVEL = "-O";
				VALIDATE_PRODUCT = YES;
			};
			name = Release;
		};
		958E2D5722F86C1400C9AB40 /* Debug */ = {
			isa = XCBuildConfiguration;
			baseConfigurationReference = C02F98F319156CCBA23262B9 /* Pods-AppStore.debug.xcconfig */;
			buildSettings = {
				ASSETCATALOG_COMPILER_APPICON_NAME = AppIcon;
				CODE_SIGN_STYLE = Automatic;
				INFOPLIST_FILE = AppStore/Info.plist;
				IPHONEOS_DEPLOYMENT_TARGET = 12.0;
				LD_RUNPATH_SEARCH_PATHS = (
					"$(inherited)",
					"@executable_path/Frameworks",
				);
				PRODUCT_BUNDLE_IDENTIFIER = com.yongzeng.AppStore;
				PRODUCT_NAME = "$(TARGET_NAME)";
				SWIFT_VERSION = 4.2;
				TARGETED_DEVICE_FAMILY = "1,2";
			};
			name = Debug;
		};
		958E2D5822F86C1400C9AB40 /* Release */ = {
			isa = XCBuildConfiguration;
			baseConfigurationReference = 46BF6D4BE8372172040858D2 /* Pods-AppStore.release.xcconfig */;
			buildSettings = {
				ASSETCATALOG_COMPILER_APPICON_NAME = AppIcon;
				CODE_SIGN_STYLE = Automatic;
				INFOPLIST_FILE = AppStore/Info.plist;
				IPHONEOS_DEPLOYMENT_TARGET = 12.0;
				LD_RUNPATH_SEARCH_PATHS = (
					"$(inherited)",
					"@executable_path/Frameworks",
				);
				PRODUCT_BUNDLE_IDENTIFIER = com.yongzeng.AppStore;
				PRODUCT_NAME = "$(TARGET_NAME)";
				SWIFT_VERSION = 4.2;
				TARGETED_DEVICE_FAMILY = "1,2";
			};
			name = Release;
		};
/* End XCBuildConfiguration section */

/* Begin XCConfigurationList section */
		958E2D3F22F86C1300C9AB40 /* Build configuration list for PBXProject "AppStore" */ = {
			isa = XCConfigurationList;
			buildConfigurations = (
				958E2D5422F86C1400C9AB40 /* Debug */,
				958E2D5522F86C1400C9AB40 /* Release */,
			);
			defaultConfigurationIsVisible = 0;
			defaultConfigurationName = Release;
		};
		958E2D5622F86C1400C9AB40 /* Build configuration list for PBXNativeTarget "AppStore" */ = {
			isa = XCConfigurationList;
			buildConfigurations = (
				958E2D5722F86C1400C9AB40 /* Debug */,
				958E2D5822F86C1400C9AB40 /* Release */,
			);
			defaultConfigurationIsVisible = 0;
			defaultConfigurationName = Release;
		};
/* End XCConfigurationList section */
	};
	rootObject = 958E2D3C22F86C1300C9AB40 /* Project object */;
}
